
Microsoft Visual Studio Solution File, Format Version 12.00
# Visual Studio Version 17
VisualStudioVersion = 17.5.33530.505
MinimumVisualStudioVersion = 10.0.40219.1
Project("{9A19103F-16F7-4668-BE54-9A1E7A4F7556}") = "ReadRedoLogContentsTest.Tests", "Tests\ReadRedoLogContentsTest.Tests.csproj", "{3814E404-F93B-4001-A9C3-38751589A8F3}"
EndProject
Project("{9A19103F-16F7-4668-BE54-9A1E7A4F7556}") = "ReadRedoLogContentsTest.Common", "Common\ReadRedoLogContentsTest.Common.csproj", "{92AA34C2-066B-4CB2-A46C-6BDACAAE8199}"
EndProject
Project("{9A19103F-16F7-4668-BE54-9A1E7A4F7556}") = "ReadRedoLogContentsTest.Space", "Space\ReadRedoLogContentsTest.Space.csproj", "{E746DFA1-1A28-4141-8D06-25EE0C9BF90A}"
EndProject
Project("{9A19103F-16F7-4668-BE54-9A1E7A4F7556}") = "ReadRedoLogContentsTest.SpaceReplayNotify", "SpaceReplayNotify\ReadRedoLogContentsTest.SpaceReplayNotify.csproj", "{3DD200D0-6E66-49DA-9298-BB230EB2C9EF}"
EndProject
Global
	GlobalSection(SolutionConfigurationPlatforms) = preSolution
		Debug|Any CPU = Debug|Any CPU
		Release|Any CPU = Release|Any CPU
	EndGlobalSection
	GlobalSection(ProjectConfigurationPlatforms) = postSolution
		{3814E404-F93B-4001-A9C3-38751589A8F3}.Debug|Any CPU.ActiveCfg = Debug|Any CPU
		{3814E404-F93B-4001-A9C3-38751589A8F3}.Debug|Any CPU.Build.0 = Debug|Any CPU
		{3814E404-F93B-4001-A9C3-38751589A8F3}.Release|Any CPU.ActiveCfg = Release|Any CPU
		{3814E404-F93B-4001-A9C3-38751589A8F3}.Release|Any CPU.Build.0 = Release|Any CPU
		{92AA34C2-066B-4CB2-A46C-6BDACAAE8199}.Debug|Any CPU.ActiveCfg = Debug|Any CPU
		{92AA34C2-066B-4CB2-A46C-6BDACAAE8199}.Debug|Any CPU.Build.0 = Debug|Any CPU
		{92AA34C2-066B-4CB2-A46C-6BDACAAE8199}.Release|Any CPU.ActiveCfg = Release|Any CPU
		{92AA34C2-066B-4CB2-A46C-6BDACAAE8199}.Release|Any CPU.Build.0 = Release|Any CPU
		{E746DFA1-1A28-4141-8D06-25EE0C9BF90A}.Debug|Any CPU.ActiveCfg = Debug|Any CPU
		{E746DFA1-1A28-4141-8D06-25EE0C9BF90A}.Debug|Any CPU.Build.0 = Debug|Any CPU
		{E746DFA1-1A28-4141-8D06-25EE0C9BF90A}.Release|Any CPU.ActiveCfg = Release|Any CPU
		{E746DFA1-1A28-4141-8D06-25EE0C9BF90A}.Release|Any CPU.Build.0 = Release|Any CPU
		{3DD200D0-6E66-49DA-9298-BB230EB2C9EF}.Debug|Any CPU.ActiveCfg = Debug|Any CPU
		{3DD200D0-6E66-49DA-9298-BB230EB2C9EF}.Debug|Any CPU.Build.0 = Debug|Any CPU
		{3DD200D0-6E66-49DA-9298-BB230EB2C9EF}.Release|Any CPU.ActiveCfg = Release|Any CPU
		{3DD200D0-6E66-49DA-9298-BB230EB2C9EF}.Release|Any CPU.Build.0 = Release|Any CPU
	EndGlobalSection
	GlobalSection(SolutionProperties) = preSolution
		HideSolutionNode = FALSE
	EndGlobalSection
	GlobalSection(ExtensibilityGlobals) = postSolution
		SolutionGuid = {78EEA562-A0AC-4EEF-9688-A121D4BDF890}
	EndGlobalSection
EndGlobal
